%{"cowboy": {:hex, :cowboy, "1.0.4"},
  "ecto": {:hex, :ecto, "1.1.1"},
  "phoenix": {:hex, :phoenix, "1.0.4"},
  "phoenix_ecto": {:hex, :phoenix_ecto, "1.2.0"},
  "phoenix_html": {:hex, :phoenix_html, "2.3.1"},
  "phoenix_live_reload": {:hex, :phoenix_live_reload, "1.0.3"},
  "postgrex": {:hex, :postgrex, "0.10.0"}}
